
Microsoft Visual Studio Solution File, Format Version 12.00
# Visual Studio Version 17
VisualStudioVersion = 17.14.36301.6
MinimumVisualStudioVersion = 10.0.40219.1
Project("{FAE04EC0-301F-11D3-BF4B-00C04F79EFBC}") = "PruebaTecnica", "PruebaTecnica\PruebaTecnica.csproj", "{FD7EA6CB-A8DC-4F46-AB30-971F5632F2DB}"
EndProject
Global
	GlobalSection(SolutionConfigurationPlatforms) = preSolution
		Debug|Any CPU = Debug|Any CPU
		Debug|x64 = Debug|x64
		Debug|x86 = Debug|x86
		Release|Any CPU = Release|Any CPU
		Release|x64 = Release|x64
		Release|x86 = Release|x86
	EndGlobalSection
	GlobalSection(ProjectConfigurationPlatforms) = postSolution
		{FD7EA6CB-A8DC-4F46-AB30-971F5632F2DB}.Debug|Any CPU.ActiveCfg = Debug|Any CPU
		{FD7EA6CB-A8DC-4F46-AB30-971F5632F2DB}.Debug|Any CPU.Build.0 = Debug|Any CPU
		{FD7EA6CB-A8DC-4F46-AB30-971F5632F2DB}.Debug|x64.ActiveCfg = Debug|Any CPU
		{FD7EA6CB-A8DC-4F46-AB30-971F5632F2DB}.Debug|x64.Build.0 = Debug|Any CPU
		{FD7EA6CB-A8DC-4F46-AB30-971F5632F2DB}.Debug|x86.ActiveCfg = Debug|Any CPU
		{FD7EA6CB-A8DC-4F46-AB30-971F5632F2DB}.Debug|x86.Build.0 = Debug|Any CPU
		{FD7EA6CB-A8DC-4F46-AB30-971F5632F2DB}.Release|Any CPU.ActiveCfg = Release|Any CPU
		{FD7EA6CB-A8DC-4F46-AB30-971F5632F2DB}.Release|Any CPU.Build.0 = Release|Any CPU
		{FD7EA6CB-A8DC-4F46-AB30-971F5632F2DB}.Release|x64.ActiveCfg = Release|Any CPU
		{FD7EA6CB-A8DC-4F46-AB30-971F5632F2DB}.Release|x64.Build.0 = Release|Any CPU
		{FD7EA6CB-A8DC-4F46-AB30-971F5632F2DB}.Release|x86.ActiveCfg = Release|Any CPU
		{FD7EA6CB-A8DC-4F46-AB30-971F5632F2DB}.Release|x86.Build.0 = Release|Any CPU
	EndGlobalSection
	GlobalSection(SolutionProperties) = preSolution
		HideSolutionNode = FALSE
	EndGlobalSection
	GlobalSection(ExtensibilityGlobals) = postSolution
		SolutionGuid = {2C7FDDB7-0430-4EB5-890B-54DFBD7AB4CD}
	EndGlobalSection
EndGlobal
